# Generated by pub
# See https://dart.dev/tools/pub/glossary#lockfile

packages:
  android_alarm_manager_plus:
    dependency: "direct main"
    description:
      name: android_alarm_manager_plus
      url: "https://pub.dev"
    source: hosted
    version: "4.0.8"

  flutter_riverpod:
    dependency: "direct main"
    description:
      name: flutter_riverpod
      url: "https://pub.dev"
    source: hosted
    version: "2.6.1"

  google_fonts:
    dependency: "direct main"
    description:
      name: google_fonts
      url: "https://pub.dev"
    source: hosted
    version: "6.3.1"

  dio:
    dependency: "direct main"
    description:
      name: dio
      url: "https://pub.dev"
    source: hosted
    version: "5.9.0"

  hive:
    dependency: "direct main"
    description:
      name: hive
      url: "https://pub.dev"
    source: hosted
    version: "2.2.3"

  hive_flutter:
    dependency: "direct main"
    description:
      name: hive_flutter
      url: "https://pub.dev"
    source: hosted
    version: "1.1.0"

  uuid:
    dependency: "direct main"
    description:
      name: uuid
      url: "https://pub.dev"
    source: hosted
    version: "4.5.1"

  animations:
    dependency: "direct main"
    description:
      name: animations
      url: "https://pub.dev"
    source: hosted
    version: "2.0.11"

  lottie:
    dependency: "direct main"
    description:
      name: lottie
      url: "https://pub.dev"
    source: hosted
    version: "3.3.1"

  intl:
    dependency: "direct main"
    description:
      name: intl
      url: "https://pub.dev"
    source: hosted
    version: "0.20.2"

  flutter_local_notifications:
    dependency: "direct main"
    description:
      name: flutter_local_notifications
      url: "https://pub.dev"
    source: hosted
    version: "19.4.1"

  network_info_plus:
    dependency: "direct main"
    description:
      name: network_info_plus
      url: "https://pub.dev"
    source: hosted
    version: "6.1.4"

  permission_handler:
    dependency: "direct main"
    description:
      name: permission_handler
      url: "https://pub.dev"
    source: hosted
    version: "12.0.1"

  timezone:
    dependency: "direct main"
    description:
      name: timezone
      url: "https://pub.dev"
    source: hosted
    version: "0.10.1"

  flutter_lints:
    dependency: "direct dev"
    description:
      name: flutter_lints
      url: "https://pub.dev"
    source: hosted
    version: "6.0.0"

  flutter:
    dependency: "direct main"
    description: flutter
    source: sdk
    version: "0.0.0"

  flutter_test:
    dependency: "direct dev"
    description: flutter
    source: sdk
    version: "0.0.0"

  flutter_web_plugins:
    dependency: transitive
    description: flutter
    source: sdk
    version: "0.0.0"

  characters:
    dependency: transitive
    description:
      name: characters
      url: "https://pub.dev"
    source: hosted
    version: "1.4.0"

  material_color_utilities:
    dependency: transitive
    description:
      name: material_color_utilities
      url: "https://pub.dev"
    source: hosted
    version: "0.11.1"

  meta:
    dependency: transitive
    description:
      name: meta
      url: "https://pub.dev"
    source: hosted
    version: "1.16.0"

  permission_handler_android:
    dependency: transitive
    description:
      name: permission_handler_android
      url: "https://pub.dev"
    source: hosted
    version: "13.0.1"

  test_api:
    dependency: transitive
    description:
      name: test_api
      url: "https://pub.dev"
    source: hosted
    version: "0.7.6"

  lints:
    dependency: transitive
    description:
      name: lints
      url: "https://pub.dev"
    source: hosted
    version: "6.0.0"

sdks:
  dart: ">=3.0.0 <4.0.0"
  flutter: ">=3.7.0"
